
Microsoft Visual Studio Solution File, Format Version 12.00
# Visual Studio Version 16
VisualStudioVersion = 16.0.29926.136
MinimumVisualStudioVersion = 10.0.40219.1
Project("{FAE04EC0-301F-11D3-BF4B-00C04F79EFBC}") = "AHAO.TPLMS.Web", "AHAO.TPLMS.Web\AHAO.TPLMS.Web.csproj", "{001F3BF5-6DE7-4CAA-A9C0-E4E4D6A990E6}"
EndProject
Project("{FAE04EC0-301F-11D3-BF4B-00C04F79EFBC}") = "AHAO.TPLMS.Contract", "AHAO.TPLMS.Contract\AHAO.TPLMS.Contract.csproj", "{9A4C47C1-07A5-4454-BD07-535837A2A4AB}"
EndProject
Project("{FAE04EC0-301F-11D3-BF4B-00C04F79EFBC}") = "AHAO.TPLMS.Core", "AHAO.TPLMS.Core\AHAO.TPLMS.Core.csproj", "{28AFB00F-16EE-4A2F-BDF6-71E856E3B953}"
EndProject
Project("{FAE04EC0-301F-11D3-BF4B-00C04F79EFBC}") = "AHAO.TPLMS.DataBase", "AHAO.TPLMS.DataBase\AHAO.TPLMS.DataBase.csproj", "{7902B967-7F03-4BAE-90CB-FF2B8D529950}"
EndProject
Project("{FAE04EC0-301F-11D3-BF4B-00C04F79EFBC}") = "AHAO.TPLMS.Entitys", "AHAO.TPLMS.Entitys\AHAO.TPLMS.Entitys.csproj", "{D067239F-12ED-4821-9BD9-CCFF76890DED}"
EndProject
Project("{FAE04EC0-301F-11D3-BF4B-00C04F79EFBC}") = "AHAO.TPLMS.Repository", "AHAO.TPLMS.Repository\AHAO.TPLMS.Repository.csproj", "{8CAE0591-6199-46F1-9B80-788410C9A8A1}"
EndProject
Project("{FAE04EC0-301F-11D3-BF4B-00C04F79EFBC}") = "AHAO.TPLMS.Service", "AHAO.TPLMS.Service\AHAO.TPLMS.Service.csproj", "{2F5E83B9-CDD2-47E9-BEF2-210F36D84EE8}"
EndProject
Project("{FAE04EC0-301F-11D3-BF4B-00C04F79EFBC}") = "AHAO.TPLMS.Util", "AHAO.TPLMS.Util\AHAO.TPLMS.Util.csproj", "{4D28FC15-737D-4B48-9A01-F2C327B93CDE}"
EndProject
Global
	GlobalSection(SolutionConfigurationPlatforms) = preSolution
		Debug|Any CPU = Debug|Any CPU
		Release|Any CPU = Release|Any CPU
	EndGlobalSection
	GlobalSection(ProjectConfigurationPlatforms) = postSolution
		{001F3BF5-6DE7-4CAA-A9C0-E4E4D6A990E6}.Debug|Any CPU.ActiveCfg = Debug|Any CPU
		{001F3BF5-6DE7-4CAA-A9C0-E4E4D6A990E6}.Debug|Any CPU.Build.0 = Debug|Any CPU
		{001F3BF5-6DE7-4CAA-A9C0-E4E4D6A990E6}.Release|Any CPU.ActiveCfg = Release|Any CPU
		{001F3BF5-6DE7-4CAA-A9C0-E4E4D6A990E6}.Release|Any CPU.Build.0 = Release|Any CPU
		{9A4C47C1-07A5-4454-BD07-535837A2A4AB}.Debug|Any CPU.ActiveCfg = Debug|Any CPU
		{9A4C47C1-07A5-4454-BD07-535837A2A4AB}.Debug|Any CPU.Build.0 = Debug|Any CPU
		{9A4C47C1-07A5-4454-BD07-535837A2A4AB}.Release|Any CPU.ActiveCfg = Release|Any CPU
		{9A4C47C1-07A5-4454-BD07-535837A2A4AB}.Release|Any CPU.Build.0 = Release|Any CPU
		{28AFB00F-16EE-4A2F-BDF6-71E856E3B953}.Debug|Any CPU.ActiveCfg = Debug|Any CPU
		{28AFB00F-16EE-4A2F-BDF6-71E856E3B953}.Debug|Any CPU.Build.0 = Debug|Any CPU
		{28AFB00F-16EE-4A2F-BDF6-71E856E3B953}.Release|Any CPU.ActiveCfg = Release|Any CPU
		{28AFB00F-16EE-4A2F-BDF6-71E856E3B953}.Release|Any CPU.Build.0 = Release|Any CPU
		{7902B967-7F03-4BAE-90CB-FF2B8D529950}.Debug|Any CPU.ActiveCfg = Debug|Any CPU
		{7902B967-7F03-4BAE-90CB-FF2B8D529950}.Debug|Any CPU.Build.0 = Debug|Any CPU
		{7902B967-7F03-4BAE-90CB-FF2B8D529950}.Release|Any CPU.ActiveCfg = Release|Any CPU
		{7902B967-7F03-4BAE-90CB-FF2B8D529950}.Release|Any CPU.Build.0 = Release|Any CPU
		{D067239F-12ED-4821-9BD9-CCFF76890DED}.Debug|Any CPU.ActiveCfg = Debug|Any CPU
		{D067239F-12ED-4821-9BD9-CCFF76890DED}.Debug|Any CPU.Build.0 = Debug|Any CPU
		{D067239F-12ED-4821-9BD9-CCFF76890DED}.Release|Any CPU.ActiveCfg = Release|Any CPU
		{D067239F-12ED-4821-9BD9-CCFF76890DED}.Release|Any CPU.Build.0 = Release|Any CPU
		{8CAE0591-6199-46F1-9B80-788410C9A8A1}.Debug|Any CPU.ActiveCfg = Debug|Any CPU
		{8CAE0591-6199-46F1-9B80-788410C9A8A1}.Debug|Any CPU.Build.0 = Debug|Any CPU
		{8CAE0591-6199-46F1-9B80-788410C9A8A1}.Release|Any CPU.ActiveCfg = Release|Any CPU
		{8CAE0591-6199-46F1-9B80-788410C9A8A1}.Release|Any CPU.Build.0 = Release|Any CPU
		{2F5E83B9-CDD2-47E9-BEF2-210F36D84EE8}.Debug|Any CPU.ActiveCfg = Debug|Any CPU
		{2F5E83B9-CDD2-47E9-BEF2-210F36D84EE8}.Debug|Any CPU.Build.0 = Debug|Any CPU
		{2F5E83B9-CDD2-47E9-BEF2-210F36D84EE8}.Release|Any CPU.ActiveCfg = Release|Any CPU
		{2F5E83B9-CDD2-47E9-BEF2-210F36D84EE8}.Release|Any CPU.Build.0 = Release|Any CPU
		{4D28FC15-737D-4B48-9A01-F2C327B93CDE}.Debug|Any CPU.ActiveCfg = Debug|Any CPU
		{4D28FC15-737D-4B48-9A01-F2C327B93CDE}.Debug|Any CPU.Build.0 = Debug|Any CPU
		{4D28FC15-737D-4B48-9A01-F2C327B93CDE}.Release|Any CPU.ActiveCfg = Release|Any CPU
		{4D28FC15-737D-4B48-9A01-F2C327B93CDE}.Release|Any CPU.Build.0 = Release|Any CPU
	EndGlobalSection
	GlobalSection(SolutionProperties) = preSolution
		HideSolutionNode = FALSE
	EndGlobalSection
	GlobalSection(ExtensibilityGlobals) = postSolution
		SolutionGuid = {40D29A73-3DB6-4D2A-931B-DAFA086EAB0F}
	EndGlobalSection
EndGlobal
